
Microsoft Visual Studio Solution File, Format Version 12.00
# Visual Studio 15
VisualStudioVersion = 15.0.27428.2037
MinimumVisualStudioVersion = 10.0.40219.1
Project("{FAE04EC0-301F-11D3-BF4B-00C04F79EFBC}") = "QuanLiKhachSan", "QuanLiKhachSan\QuanLiKhachSan.csproj", "{4D6E8D39-E74B-4D3B-AD6A-2D93D2243C07}"
EndProject
Project("{FAE04EC0-301F-11D3-BF4B-00C04F79EFBC}") = "BUS", "BUS\BUS.csproj", "{25E0299D-A4FE-4B21-A627-B382A2138B3D}"
EndProject
Project("{FAE04EC0-301F-11D3-BF4B-00C04F79EFBC}") = "DAO", "DAO\DAO.csproj", "{759EFEF1-14F7-4FDC-99BC-0EB74A10A556}"
EndProject
Project("{FAE04EC0-301F-11D3-BF4B-00C04F79EFBC}") = "DTO", "DTO\DTO.csproj", "{7B392815-9ECC-4D7A-A222-287AA6874D76}"
EndProject
Global
	GlobalSection(SolutionConfigurationPlatforms) = preSolution
		Debug|Any CPU = Debug|Any CPU
		Release|Any CPU = Release|Any CPU
	EndGlobalSection
	GlobalSection(ProjectConfigurationPlatforms) = postSolution
		{4D6E8D39-E74B-4D3B-AD6A-2D93D2243C07}.Debug|Any CPU.ActiveCfg = Debug|Any CPU
		{4D6E8D39-E74B-4D3B-AD6A-2D93D2243C07}.Debug|Any CPU.Build.0 = Debug|Any CPU
		{4D6E8D39-E74B-4D3B-AD6A-2D93D2243C07}.Release|Any CPU.ActiveCfg = Release|Any CPU
		{4D6E8D39-E74B-4D3B-AD6A-2D93D2243C07}.Release|Any CPU.Build.0 = Release|Any CPU
		{25E0299D-A4FE-4B21-A627-B382A2138B3D}.Debug|Any CPU.ActiveCfg = Debug|Any CPU
		{25E0299D-A4FE-4B21-A627-B382A2138B3D}.Debug|Any CPU.Build.0 = Debug|Any CPU
		{25E0299D-A4FE-4B21-A627-B382A2138B3D}.Release|Any CPU.ActiveCfg = Release|Any CPU
		{25E0299D-A4FE-4B21-A627-B382A2138B3D}.Release|Any CPU.Build.0 = Release|Any CPU
		{759EFEF1-14F7-4FDC-99BC-0EB74A10A556}.Debug|Any CPU.ActiveCfg = Debug|Any CPU
		{759EFEF1-14F7-4FDC-99BC-0EB74A10A556}.Debug|Any CPU.Build.0 = Debug|Any CPU
		{759EFEF1-14F7-4FDC-99BC-0EB74A10A556}.Release|Any CPU.ActiveCfg = Release|Any CPU
		{759EFEF1-14F7-4FDC-99BC-0EB74A10A556}.Release|Any CPU.Build.0 = Release|Any CPU
		{7B392815-9ECC-4D7A-A222-287AA6874D76}.Debug|Any CPU.ActiveCfg = Debug|Any CPU
		{7B392815-9ECC-4D7A-A222-287AA6874D76}.Debug|Any CPU.Build.0 = Debug|Any CPU
		{7B392815-9ECC-4D7A-A222-287AA6874D76}.Release|Any CPU.ActiveCfg = Release|Any CPU
		{7B392815-9ECC-4D7A-A222-287AA6874D76}.Release|Any CPU.Build.0 = Release|Any CPU
	EndGlobalSection
	GlobalSection(SolutionProperties) = preSolution
		HideSolutionNode = FALSE
	EndGlobalSection
	GlobalSection(ExtensibilityGlobals) = postSolution
		SolutionGuid = {89EDA846-9423-48A6-B08E-9D45B9C453D7}
	EndGlobalSection
EndGlobal
