
Microsoft Visual Studio Solution File, Format Version 12.00
# Visual Studio 15
VisualStudioVersion = 15.0.27428.2037
MinimumVisualStudioVersion = 10.0.40219.1
Project("{FAE04EC0-301F-11D3-BF4B-00C04F79EFBC}") = "QuanLiKhachSanG4Team", "QuanLiKhachSanG4Team\QuanLiKhachSanG4Team.csproj", "{25160797-B410-481C-A553-08F43FE332E8}"
EndProject
Project("{FAE04EC0-301F-11D3-BF4B-00C04F79EFBC}") = "BUS", "BUS\BUS.csproj", "{E97D369F-F3AD-4840-A0AB-E1A0976EC117}"
EndProject
Project("{FAE04EC0-301F-11D3-BF4B-00C04F79EFBC}") = "DAO", "DAO\DAO.csproj", "{5A228CB5-E548-4898-881C-AEFB76F7289F}"
EndProject
Project("{FAE04EC0-301F-11D3-BF4B-00C04F79EFBC}") = "DTO", "DTO\DTO.csproj", "{B29AEDAB-8AD9-41D7-BB3B-95D518671CBA}"
EndProject
Global
	GlobalSection(SolutionConfigurationPlatforms) = preSolution
		Debug|Any CPU = Debug|Any CPU
		Release|Any CPU = Release|Any CPU
	EndGlobalSection
	GlobalSection(ProjectConfigurationPlatforms) = postSolution
		{25160797-B410-481C-A553-08F43FE332E8}.Debug|Any CPU.ActiveCfg = Debug|Any CPU
		{25160797-B410-481C-A553-08F43FE332E8}.Debug|Any CPU.Build.0 = Debug|Any CPU
		{25160797-B410-481C-A553-08F43FE332E8}.Release|Any CPU.ActiveCfg = Release|Any CPU
		{25160797-B410-481C-A553-08F43FE332E8}.Release|Any CPU.Build.0 = Release|Any CPU
		{E97D369F-F3AD-4840-A0AB-E1A0976EC117}.Debug|Any CPU.ActiveCfg = Debug|Any CPU
		{E97D369F-F3AD-4840-A0AB-E1A0976EC117}.Debug|Any CPU.Build.0 = Debug|Any CPU
		{E97D369F-F3AD-4840-A0AB-E1A0976EC117}.Release|Any CPU.ActiveCfg = Release|Any CPU
		{E97D369F-F3AD-4840-A0AB-E1A0976EC117}.Release|Any CPU.Build.0 = Release|Any CPU
		{5A228CB5-E548-4898-881C-AEFB76F7289F}.Debug|Any CPU.ActiveCfg = Debug|Any CPU
		{5A228CB5-E548-4898-881C-AEFB76F7289F}.Debug|Any CPU.Build.0 = Debug|Any CPU
		{5A228CB5-E548-4898-881C-AEFB76F7289F}.Release|Any CPU.ActiveCfg = Release|Any CPU
		{5A228CB5-E548-4898-881C-AEFB76F7289F}.Release|Any CPU.Build.0 = Release|Any CPU
		{B29AEDAB-8AD9-41D7-BB3B-95D518671CBA}.Debug|Any CPU.ActiveCfg = Debug|Any CPU
		{B29AEDAB-8AD9-41D7-BB3B-95D518671CBA}.Debug|Any CPU.Build.0 = Debug|Any CPU
		{B29AEDAB-8AD9-41D7-BB3B-95D518671CBA}.Release|Any CPU.ActiveCfg = Release|Any CPU
		{B29AEDAB-8AD9-41D7-BB3B-95D518671CBA}.Release|Any CPU.Build.0 = Release|Any CPU
	EndGlobalSection
	GlobalSection(SolutionProperties) = preSolution
		HideSolutionNode = FALSE
	EndGlobalSection
	GlobalSection(ExtensibilityGlobals) = postSolution
		SolutionGuid = {713087BF-4B2E-4DEE-97B1-91A63EBA7ABB}
	EndGlobalSection
EndGlobal
