
Microsoft Visual Studio Solution File, Format Version 12.00
# Visual Studio 15
VisualStudioVersion = 15.0.27428.2037
MinimumVisualStudioVersion = 10.0.40219.1
Project("{FAE04EC0-301F-11D3-BF4B-00C04F79EFBC}") = "QuanLiKhachSanG4Team", "QuanLiKhachSanG4Team\QuanLiKhachSanG4Team.csproj", "{25160797-B410-481C-A553-08F43FE332E8}"
EndProject
Project("{FAE04EC0-301F-11D3-BF4B-00C04F79EFBC}") = "BUS", "BUS\BUS.csproj", "{2B87C15C-A2B0-48A5-9304-C5F505C90387}"
EndProject
Project("{FAE04EC0-301F-11D3-BF4B-00C04F79EFBC}") = "DAO", "DAO\DAO.csproj", "{8353EB3E-1666-4C89-A989-20A798F8D005}"
EndProject
Project("{FAE04EC0-301F-11D3-BF4B-00C04F79EFBC}") = "DTO", "DTO\DTO.csproj", "{15CD2E33-6580-40A8-99C6-E1E25A30BA40}"
EndProject
Global
	GlobalSection(SolutionConfigurationPlatforms) = preSolution
		Debug|Any CPU = Debug|Any CPU
		Release|Any CPU = Release|Any CPU
	EndGlobalSection
	GlobalSection(ProjectConfigurationPlatforms) = postSolution
		{25160797-B410-481C-A553-08F43FE332E8}.Debug|Any CPU.ActiveCfg = Debug|Any CPU
		{25160797-B410-481C-A553-08F43FE332E8}.Debug|Any CPU.Build.0 = Debug|Any CPU
		{25160797-B410-481C-A553-08F43FE332E8}.Release|Any CPU.ActiveCfg = Release|Any CPU
		{25160797-B410-481C-A553-08F43FE332E8}.Release|Any CPU.Build.0 = Release|Any CPU
		{2B87C15C-A2B0-48A5-9304-C5F505C90387}.Debug|Any CPU.ActiveCfg = Debug|Any CPU
		{2B87C15C-A2B0-48A5-9304-C5F505C90387}.Debug|Any CPU.Build.0 = Debug|Any CPU
		{2B87C15C-A2B0-48A5-9304-C5F505C90387}.Release|Any CPU.ActiveCfg = Release|Any CPU
		{2B87C15C-A2B0-48A5-9304-C5F505C90387}.Release|Any CPU.Build.0 = Release|Any CPU
		{8353EB3E-1666-4C89-A989-20A798F8D005}.Debug|Any CPU.ActiveCfg = Debug|Any CPU
		{8353EB3E-1666-4C89-A989-20A798F8D005}.Debug|Any CPU.Build.0 = Debug|Any CPU
		{8353EB3E-1666-4C89-A989-20A798F8D005}.Release|Any CPU.ActiveCfg = Release|Any CPU
		{8353EB3E-1666-4C89-A989-20A798F8D005}.Release|Any CPU.Build.0 = Release|Any CPU
		{15CD2E33-6580-40A8-99C6-E1E25A30BA40}.Debug|Any CPU.ActiveCfg = Debug|Any CPU
		{15CD2E33-6580-40A8-99C6-E1E25A30BA40}.Debug|Any CPU.Build.0 = Debug|Any CPU
		{15CD2E33-6580-40A8-99C6-E1E25A30BA40}.Release|Any CPU.ActiveCfg = Release|Any CPU
		{15CD2E33-6580-40A8-99C6-E1E25A30BA40}.Release|Any CPU.Build.0 = Release|Any CPU
	EndGlobalSection
	GlobalSection(SolutionProperties) = preSolution
		HideSolutionNode = FALSE
	EndGlobalSection
	GlobalSection(ExtensibilityGlobals) = postSolution
		SolutionGuid = {713087BF-4B2E-4DEE-97B1-91A63EBA7ABB}
	EndGlobalSection
EndGlobal
